<ProjectGuid>{54167ADE-5C53-4782-A839-A659294BF020}</ProjectGuid>
<ProjectVersion>18.6</ProjectVersion>
<MainSource>GrijjyFoundationTests.dpr</MainSource>


<PropertyGroup>
  <Base>True</Base>
  <!-- Other properties -->
</PropertyGroup>


<PropertyGroup>
  <TargetedPlatforms>1</TargetedPlatforms>
</PropertyGroup>


<PropertyGroup Condition="'$(Config)'=='Debug' or '$(Cfg_1)'!=''">
  <!-- Debug-specific properties -->
</PropertyGroup>

<PropertyGroup Condition="'$(Config)'=='Release' or '$(Cfg_2)'!=''">
  <!-- Release-specific properties -->
</PropertyGroup>


<DCCReference Include="Tests\Tests.Grijjy.Collections.Base.pas"/>
<DCCReference Include="Tests\Tests.Grijjy.Collections.Sets.pas"/>
<!-- Other references -->


<ProjectExtensions>
  <!-- Project extensions -->
</ProjectExtensions>
